SITE
  remote: http://community.opscode.com/api/v1
  specs:
    dmg (1.0.0)
    homebrew (1.0.0)
    mac_os_x (1.3.4)
    ruby_build (0.6.2)

GIT
  remote: https://github.com/fnichol/chef-rbenv
  ref: v0.6.10
  sha: dee3edd9f1118aff336539a8e3497704da2aebff
  specs:
    rbenv (0.6.10)

DEPENDENCIES
  dmg (>= 0)
  homebrew (>= 0)
  mac_os_x (>= 0)
  rbenv (>= 0)
  ruby_build (>= 0)

