SITE
  remote: http://community.opscode.com/api/v1
  specs:
    dmg (1.1.0)
    homebrew (1.3.2)
    mac_os_x (1.4.2)
    ruby_build (0.7.2)
    zip_app (0.2.2)

GIT
  remote: https://github.com/fnichol/chef-rbenv
  ref: v0.6.10
  sha: dee3edd9f1118aff336539a8e3497704da2aebff
  specs:
    rbenv (0.6.10)

GIT
  remote: https://github.com/mattdbridges/chef-osx_pkg
  ref: 1ec3e4e1d157b9d5576428ac26b8a6224efc2f19
  sha: 1ec3e4e1d157b9d5576428ac26b8a6224efc2f19
  specs:
    osx_pkg (0.2.0)

DEPENDENCIES
  dmg (>= 0)
  homebrew (>= 0)
  mac_os_x (>= 0)
  osx_pkg (>= 0)
  rbenv (>= 0)
  ruby_build (>= 0)
  zip_app (>= 0)

